
Microsoft Visual Studio Solution File, Format Version 12.00
# Visual Studio Version 16
VisualStudioVersion = 16.0.32126.315
MinimumVisualStudioVersion = 10.0.40219.1
Project("{FAE04EC0-301F-11D3-BF4B-00C04F79EFBC}") = "CeVIO_WoZ", "CeVIO_WoZ\CeVIO_WoZ.csproj", "{EDDB3672-E476-4AD8-9A75-7980ECE96EF3}"
EndProject
Global
	GlobalSection(SolutionConfigurationPlatforms) = preSolution
		Debug|Any CPU = Debug|Any CPU
		Release|Any CPU = Release|Any CPU
	EndGlobalSection
	GlobalSection(ProjectConfigurationPlatforms) = postSolution
		{EDDB3672-E476-4AD8-9A75-7980ECE96EF3}.Debug|Any CPU.ActiveCfg = Debug|Any CPU
		{EDDB3672-E476-4AD8-9A75-7980ECE96EF3}.Debug|Any CPU.Build.0 = Debug|Any CPU
		{EDDB3672-E476-4AD8-9A75-7980ECE96EF3}.Release|Any CPU.ActiveCfg = Release|Any CPU
		{EDDB3672-E476-4AD8-9A75-7980ECE96EF3}.Release|Any CPU.Build.0 = Release|Any CPU
	EndGlobalSection
	GlobalSection(SolutionProperties) = preSolution
		HideSolutionNode = FALSE
	EndGlobalSection
	GlobalSection(ExtensibilityGlobals) = postSolution
		SolutionGuid = {5549E8E7-9CFB-4592-85BD-7865CC078AE7}
	EndGlobalSection
EndGlobal
